// !$*UTF8*$!
{
	archiveVersion = 1;
	classes = {
	};
	objectVersion = 46;
	objects = {

/* Begin PBXBuildFile section */
		6428A5751AAFC6DF00634F5D /* Serpent.h in Headers */ = {isa = PBXBuildFile; fileRef = 6428A5741AAFC6DF00634F5D /* Serpent.h */; settings = {ATTRIBUTES = (Public, ); }; };
		6428A5771AAFC72900634F5D /* Serpent.c in Sources */ = {isa = PBXBuildFile; fileRef = 6428A5761AAFC72900634F5D /* Serpent.c */; };
		6428A5801AAFEF1D00634F5D /* Serpent.c in Sources */ = {isa = PBXBuildFile; fileRef = 6428A5761AAFC72900634F5D /* Serpent.c */; settings = {COMPILER_FLAGS = "-DCIPHER_SERPENT_STATIC"; }; };
		64A706DA1CD291C4002E9B99 /* Serpent.c in Sources */ = {isa = PBXBuildFile; fileRef = 6428A5761AAFC72900634F5D /* Serpent.c */; settings = {COMPILER_FLAGS = "-DCIPHER_SERPENT_BUILD_MODULE_ABI"; }; };
		64A706DD1CD291C4002E9B99 /* Serpent.h in Headers */ = {isa = PBXBuildFile; fileRef = 6428A5741AAFC6DF00634F5D /* Serpent.h */; settings = {ATTRIBUTES = (Public, ); }; };
		64A706E41CD29201002E9B99 /* Serpent.c in Sources */ = {isa = PBXBuildFile; fileRef = 6428A5761AAFC72900634F5D /* Serpent.c */; settings = {COMPILER_FLAGS = "-DCIPHER_SERPENT_STATIC -DCIPHER_SERPENT_BUILD_ABI"; }; };
		64A706F41CD29351002E9B99 /* Serpent.h in Headers */ = {isa = PBXBuildFile; fileRef = 6428A5741AAFC6DF00634F5D /* Serpent.h */; settings = {ATTRIBUTES = (Public, ); }; };
		64A706F51CD29352002E9B99 /* Serpent.h in Headers */ = {isa = PBXBuildFile; fileRef = 6428A5741AAFC6DF00634F5D /* Serpent.h */; settings = {ATTRIBUTES = (Public, ); }; };
/* End PBXBuildFile section */

/* Begin PBXFileReference section */
		6428A5691AAFC68700634F5D /* libSerpent.dylib */ = {isa = PBXFileReference; explicitFileType = "compiled.mach-o.dylib"; includeInIndex = 0; path = libSerpent.dylib; sourceTree = BUILT_PRODUCTS_DIR; };
		6428A5741AAFC6DF00634F5D /* Serpent.h */ = {isa = PBXFileReference; fileEncoding = 4; lastKnownFileType = sourcecode.c.h; path = Serpent.h; sourceTree = "<group>"; };
		6428A5761AAFC72900634F5D /* Serpent.c */ = {isa = PBXFileReference; fileEncoding = 4; lastKnownFileType = sourcecode.c.c; path = Serpent.c; sourceTree = "<group>"; };
		6428A57C1AAFEDED00634F5D /* libSerpent.a */ = {isa = PBXFileReference; explicitFileType = archive.ar; includeInIndex = 0; path = libSerpent.a; sourceTree = BUILT_PRODUCTS_DIR; };
		64A706E11CD291C4002E9B99 /* Serpent.Cipher */ = {isa = PBXFileReference; explicitFileType = "compiled.mach-o.dylib"; includeInIndex = 0; path = Serpent.Cipher; sourceTree = BUILT_PRODUCTS_DIR; };
		64A706EA1CD29201002E9B99 /* libSerpent.a */ = {isa = PBXFileReference; explicitFileType = archive.ar; includeInIndex = 0; path = libSerpent.a; sourceTree = BUILT_PRODUCTS_DIR; };
/* End PBXFileReference section */

/* Begin PBXFrameworksBuildPhase section */
		6428A5661AAFC68700634F5D /* Frameworks */ = {
			isa = PBXFrameworksBuildPhase;
			buildActionMask = 2147483647;
			files = (
			);
			runOnlyForDeploymentPostprocessing = 0;
		};
		6428A5791AAFEDED00634F5D /* Frameworks */ = {
			isa = PBXFrameworksBuildPhase;
			buildActionMask = 2147483647;
			files = (
			);
			runOnlyForDeploymentPostprocessing = 0;
		};
		64A706DB1CD291C4002E9B99 /* Frameworks */ = {
			isa = PBXFrameworksBuildPhase;
			buildActionMask = 2147483647;
			files = (
			);
			runOnlyForDeploymentPostprocessing = 0;
		};
		64A706E51CD29201002E9B99 /* Frameworks */ = {
			isa = PBXFrameworksBuildPhase;
			buildActionMask = 2147483647;
			files = (
			);
			runOnlyForDeploymentPostprocessing = 0;
		};
/* End PBXFrameworksBuildPhase section */

/* Begin PBXGroup section */
		6428A5601AAFC68700634F5D = {
			isa = PBXGroup;
			children = (
				6428A5711AAFC69A00634F5D /* API */,
				6428A5701AAFC69100634F5D /* Sources */,
				6428A56A1AAFC68700634F5D /* Products */,
			);
			sourceTree = "<group>";
		};
		6428A56A1AAFC68700634F5D /* Products */ = {
			isa = PBXGroup;
			children = (
				6428A5691AAFC68700634F5D /* libSerpent.dylib */,
				6428A57C1AAFEDED00634F5D /* libSerpent.a */,
				64A706E11CD291C4002E9B99 /* Serpent.Cipher */,
				64A706EA1CD29201002E9B99 /* libSerpent.a */,
			);
			name = Products;
			sourceTree = "<group>";
		};
		6428A5701AAFC69100634F5D /* Sources */ = {
			isa = PBXGroup;
			children = (
				6428A5761AAFC72900634F5D /* Serpent.c */,
			);
			name = Sources;
			path = ../../sources;
			sourceTree = "<group>";
		};
		6428A5711AAFC69A00634F5D /* API */ = {
			isa = PBXGroup;
			children = (
				6428A5741AAFC6DF00634F5D /* Serpent.h */,
			);
			name = API;
			path = ../../API/cipher;
			sourceTree = "<group>";
		};
/* End PBXGroup section */

/* Begin PBXHeadersBuildPhase section */
		6428A5671AAFC68700634F5D /* Headers */ = {
			isa = PBXHeadersBuildPhase;
			buildActionMask = 2147483647;
			files = (
				6428A5751AAFC6DF00634F5D /* Serpent.h in Headers */,
			);
			runOnlyForDeploymentPostprocessing = 0;
		};
		6428A57A1AAFEDED00634F5D /* Headers */ = {
			isa = PBXHeadersBuildPhase;
			buildActionMask = 2147483647;
			files = (
				64A706F41CD29351002E9B99 /* Serpent.h in Headers */,
			);
			runOnlyForDeploymentPostprocessing = 0;
		};
		64A706DC1CD291C4002E9B99 /* Headers */ = {
			isa = PBXHeadersBuildPhase;
			buildActionMask = 2147483647;
			files = (
				64A706DD1CD291C4002E9B99 /* Serpent.h in Headers */,
			);
			runOnlyForDeploymentPostprocessing = 0;
		};
		64A706E61CD29201002E9B99 /* Headers */ = {
			isa = PBXHeadersBuildPhase;
			buildActionMask = 2147483647;
			files = (
				64A706F51CD29352002E9B99 /* Serpent.h in Headers */,
			);
			runOnlyForDeploymentPostprocessing = 0;
		};
/* End PBXHeadersBuildPhase section */

/* Begin PBXNativeTarget section */
		6428A5681AAFC68700634F5D /* Serpent (dynamic) */ = {
			isa = PBXNativeTarget;
			buildConfigurationList = 6428A56D1AAFC68700634F5D /* Build configuration list for PBXNativeTarget "Serpent (dynamic)" */;
			buildPhases = (
				6428A5651AAFC68700634F5D /* Sources */,
				6428A5661AAFC68700634F5D /* Frameworks */,
				6428A5671AAFC68700634F5D /* Headers */,
			);
			buildRules = (
			);
			dependencies = (
			);
			name = "Serpent (dynamic)";
			productName = Z80;
			productReference = 6428A5691AAFC68700634F5D /* libSerpent.dylib */;
			productType = "com.apple.product-type.library.dynamic";
		};
		6428A57B1AAFEDED00634F5D /* Serpent (static) */ = {
			isa = PBXNativeTarget;
			buildConfigurationList = 6428A57D1AAFEDED00634F5D /* Build configuration list for PBXNativeTarget "Serpent (static)" */;
			buildPhases = (
				6428A5781AAFEDED00634F5D /* Sources */,
				6428A5791AAFEDED00634F5D /* Frameworks */,
				6428A57A1AAFEDED00634F5D /* Headers */,
			);
			buildRules = (
			);
			dependencies = (
			);
			name = "Serpent (static)";
			productName = "Z80-Static";
			productReference = 6428A57C1AAFEDED00634F5D /* libSerpent.a */;
			productType = "com.apple.product-type.library.static";
		};
		64A706D81CD291C4002E9B99 /* Serpent (dynamic module) */ = {
			isa = PBXNativeTarget;
			buildConfigurationList = 64A706DE1CD291C4002E9B99 /* Build configuration list for PBXNativeTarget "Serpent (dynamic module)" */;
			buildPhases = (
				64A706D91CD291C4002E9B99 /* Sources */,
				64A706DB1CD291C4002E9B99 /* Frameworks */,
				64A706DC1CD291C4002E9B99 /* Headers */,
			);
			buildRules = (
			);
			dependencies = (
			);
			name = "Serpent (dynamic module)";
			productName = Z80;
			productReference = 64A706E11CD291C4002E9B99 /* Serpent.Cipher */;
			productType = "com.apple.product-type.library.dynamic";
		};
		64A706E21CD29201002E9B99 /* Serpent (static module) */ = {
			isa = PBXNativeTarget;
			buildConfigurationList = 64A706E71CD29201002E9B99 /* Build configuration list for PBXNativeTarget "Serpent (static module)" */;
			buildPhases = (
				64A706E31CD29201002E9B99 /* Sources */,
				64A706E51CD29201002E9B99 /* Frameworks */,
				64A706E61CD29201002E9B99 /* Headers */,
			);
			buildRules = (
			);
			dependencies = (
			);
			name = "Serpent (static module)";
			productName = "Z80-Static";
			productReference = 64A706EA1CD29201002E9B99 /* libSerpent.a */;
			productType = "com.apple.product-type.library.static";
		};
/* End PBXNativeTarget section */

/* Begin PBXProject section */
		6428A5611AAFC68700634F5D /* Project object */ = {
			isa = PBXProject;
			attributes = {
				LastUpgradeCheck = 0700;
				ORGANIZATIONNAME = "Manuel Sainz de Baranda y Goñi";
				TargetAttributes = {
					6428A5681AAFC68700634F5D = {
						CreatedOnToolsVersion = 6.1.1;
					};
					6428A57B1AAFEDED00634F5D = {
						CreatedOnToolsVersion = 6.1.1;
					};
				};
			};
			buildConfigurationList = 6428A5641AAFC68700634F5D /* Build configuration list for PBXProject "Serpent" */;
			compatibilityVersion = "Xcode 3.2";
			developmentRegion = English;
			hasScannedForEncodings = 0;
			knownRegions = (
				en,
			);
			mainGroup = 6428A5601AAFC68700634F5D;
			productRefGroup = 6428A56A1AAFC68700634F5D /* Products */;
			projectDirPath = "";
			projectRoot = "";
			targets = (
				6428A5681AAFC68700634F5D /* Serpent (dynamic) */,
				64A706D81CD291C4002E9B99 /* Serpent (dynamic module) */,
				6428A57B1AAFEDED00634F5D /* Serpent (static) */,
				64A706E21CD29201002E9B99 /* Serpent (static module) */,
			);
		};
/* End PBXProject section */

/* Begin PBXSourcesBuildPhase section */
		6428A5651AAFC68700634F5D /* Sources */ = {
			isa = PBXSourcesBuildPhase;
			buildActionMask = 2147483647;
			files = (
				6428A5771AAFC72900634F5D /* Serpent.c in Sources */,
			);
			runOnlyForDeploymentPostprocessing = 0;
		};
		6428A5781AAFEDED00634F5D /* Sources */ = {
			isa = PBXSourcesBuildPhase;
			buildActionMask = 2147483647;
			files = (
				6428A5801AAFEF1D00634F5D /* Serpent.c in Sources */,
			);
			runOnlyForDeploymentPostprocessing = 0;
		};
		64A706D91CD291C4002E9B99 /* Sources */ = {
			isa = PBXSourcesBuildPhase;
			buildActionMask = 2147483647;
			files = (
				64A706DA1CD291C4002E9B99 /* Serpent.c in Sources */,
			);
			runOnlyForDeploymentPostprocessing = 0;
		};
		64A706E31CD29201002E9B99 /* Sources */ = {
			isa = PBXSourcesBuildPhase;
			buildActionMask = 2147483647;
			files = (
				64A706E41CD29201002E9B99 /* Serpent.c in Sources */,
			);
			runOnlyForDeploymentPostprocessing = 0;
		};
/* End PBXSourcesBuildPhase section */

/* Begin XCBuildConfiguration section */
		6428A56B1AAFC68700634F5D /* Debug */ = {
			isa = XCBuildConfiguration;
			buildSettings = {
				ALWAYS_SEARCH_USER_PATHS = NO;
				CLANG_WARN_BOOL_CONVERSION = YES;
				CLANG_WARN_CONSTANT_CONVERSION = YES;
				CLANG_WARN_DIRECT_OBJC_ISA_USAGE = YES_ERROR;
				CLANG_WARN_EMPTY_BODY = YES;
				CLANG_WARN_ENUM_CONVERSION = YES;
				CLANG_WARN_INT_CONVERSION = YES;
				CLANG_WARN_OBJC_ROOT_CLASS = YES_ERROR;
				CLANG_WARN_UNREACHABLE_CODE = YES;
				CLANG_WARN__DUPLICATE_METHOD_MATCH = YES;
				COPY_PHASE_STRIP = NO;
				ENABLE_STRICT_OBJC_MSGSEND = YES;
				GCC_C_LANGUAGE_STANDARD = c99;
				GCC_ENABLE_BUILTIN_FUNCTIONS = NO;
				GCC_GENERATE_DEBUGGING_SYMBOLS = NO;
				GCC_OPTIMIZATION_LEVEL = 0;
				GCC_PREPROCESSOR_DEFINITIONS = (
					"DEBUG=1",
					"$(inherited)",
				);
				GCC_SYMBOLS_PRIVATE_EXTERN = NO;
				GCC_WARN_64_TO_32_BIT_CONVERSION = YES;
				GCC_WARN_ABOUT_RETURN_TYPE = YES_ERROR;
				GCC_WARN_UNDECLARED_SELECTOR = YES;
				GCC_WARN_UNINITIALIZED_AUTOS = YES;
				GCC_WARN_UNUSED_FUNCTION = YES;
				GCC_WARN_UNUSED_VARIABLE = YES;
				HEADER_SEARCH_PATHS = (
					"$(inherited)",
					/usr/local/include,
					../../API,
				);
				LINK_WITH_STANDARD_LIBRARIES = NO;
				LLVM_LTO = YES;
				MACOSX_DEPLOYMENT_TARGET = 10.6;
				MTL_ENABLE_DEBUG_INFO = YES;
				ONLY_ACTIVE_ARCH = YES;
				OTHER_CFLAGS = "";
				STRIP_STYLE = "non-global";
			};
			name = Debug;
		};
		6428A56C1AAFC68700634F5D /* Release */ = {
			isa = XCBuildConfiguration;
			buildSettings = {
				ALWAYS_SEARCH_USER_PATHS = NO;
				CLANG_WARN_BOOL_CONVERSION = YES;
				CLANG_WARN_CONSTANT_CONVERSION = YES;
				CLANG_WARN_DIRECT_OBJC_ISA_USAGE = YES_ERROR;
				CLANG_WARN_EMPTY_BODY = YES;
				CLANG_WARN_ENUM_CONVERSION = YES;
				CLANG_WARN_INT_CONVERSION = YES;
				CLANG_WARN_OBJC_ROOT_CLASS = YES_ERROR;
				CLANG_WARN_UNREACHABLE_CODE = YES;
				CLANG_WARN__DUPLICATE_METHOD_MATCH = YES;
				COPY_PHASE_STRIP = YES;
				DEBUG_INFORMATION_FORMAT = "dwarf-with-dsym";
				ENABLE_NS_ASSERTIONS = NO;
				ENABLE_STRICT_OBJC_MSGSEND = YES;
				GCC_C_LANGUAGE_STANDARD = c99;
				GCC_ENABLE_BUILTIN_FUNCTIONS = NO;
				GCC_GENERATE_DEBUGGING_SYMBOLS = NO;
				GCC_WARN_64_TO_32_BIT_CONVERSION = YES;
				GCC_WARN_ABOUT_RETURN_TYPE = YES_ERROR;
				GCC_WARN_UNDECLARED_SELECTOR = YES;
				GCC_WARN_UNINITIALIZED_AUTOS = YES;
				GCC_WARN_UNUSED_FUNCTION = YES;
				GCC_WARN_UNUSED_VARIABLE = YES;
				HEADER_SEARCH_PATHS = (
					"$(inherited)",
					/usr/local/include,
					../../API,
				);
				LINK_WITH_STANDARD_LIBRARIES = NO;
				LLVM_LTO = YES;
				MACOSX_DEPLOYMENT_TARGET = 10.6;
				MTL_ENABLE_DEBUG_INFO = NO;
				OTHER_CFLAGS = "";
				STRIP_STYLE = "non-global";
			};
			name = Release;
		};
		6428A56E1AAFC68700634F5D /* Debug */ = {
			isa = XCBuildConfiguration;
			buildSettings = {
				DYLIB_COMPATIBILITY_VERSION = 1;
				DYLIB_CURRENT_VERSION = 1.0.0;
				EXECUTABLE_PREFIX = lib;
				PRODUCT_NAME = Serpent;
				PUBLIC_HEADERS_FOLDER_PATH = /usr/local/include/cipher;
			};
			name = Debug;
		};
		6428A56F1AAFC68700634F5D /* Release */ = {
			isa = XCBuildConfiguration;
			buildSettings = {
				DYLIB_COMPATIBILITY_VERSION = 1;
				DYLIB_CURRENT_VERSION = 1.0.0;
				EXECUTABLE_PREFIX = lib;
				PRODUCT_NAME = Serpent;
				PUBLIC_HEADERS_FOLDER_PATH = /usr/local/include/cipher;
			};
			name = Release;
		};
		6428A57E1AAFEDED00634F5D /* Debug */ = {
			isa = XCBuildConfiguration;
			buildSettings = {
				PRODUCT_NAME = Serpent;
				PUBLIC_HEADERS_FOLDER_PATH = /usr/local/include/cipher;
			};
			name = Debug;
		};
		6428A57F1AAFEDED00634F5D /* Release */ = {
			isa = XCBuildConfiguration;
			buildSettings = {
				PRODUCT_NAME = Serpent;
				PUBLIC_HEADERS_FOLDER_PATH = /usr/local/include/cipher;
			};
			name = Release;
		};
		64A706DF1CD291C4002E9B99 /* Debug */ = {
			isa = XCBuildConfiguration;
			buildSettings = {
				DYLIB_COMPATIBILITY_VERSION = 1;
				DYLIB_CURRENT_VERSION = 1.0.0;
				DYLIB_INSTALL_NAME_BASE = "";
				EXECUTABLE_EXTENSION = Cipher;
				INSTALL_PATH = /usr/local/lib/modules/cipher;
				LD_DYLIB_INSTALL_NAME = "$(EXECUTABLE_PATH)";
				PRODUCT_NAME = Serpent;
				PUBLIC_HEADERS_FOLDER_PATH = /usr/local/include/cipher;
			};
			name = Debug;
		};
		64A706E01CD291C4002E9B99 /* Release */ = {
			isa = XCBuildConfiguration;
			buildSettings = {
				DYLIB_COMPATIBILITY_VERSION = 1;
				DYLIB_CURRENT_VERSION = 1.0.0;
				DYLIB_INSTALL_NAME_BASE = "";
				EXECUTABLE_EXTENSION = Cipher;
				INSTALL_PATH = /usr/local/lib/modules/cipher;
				LD_DYLIB_INSTALL_NAME = "$(EXECUTABLE_PATH)";
				PRODUCT_NAME = Serpent;
				PUBLIC_HEADERS_FOLDER_PATH = /usr/local/include/cipher;
			};
			name = Release;
		};
		64A706E81CD29201002E9B99 /* Debug */ = {
			isa = XCBuildConfiguration;
			buildSettings = {
				PRODUCT_NAME = Serpent;
				PUBLIC_HEADERS_FOLDER_PATH = /usr/local/include/cipher;
			};
			name = Debug;
		};
		64A706E91CD29201002E9B99 /* Release */ = {
			isa = XCBuildConfiguration;
			buildSettings = {
				PRODUCT_NAME = Serpent;
				PUBLIC_HEADERS_FOLDER_PATH = /usr/local/include/cipher;
			};
			name = Release;
		};
/* End XCBuildConfiguration section */

/* Begin XCConfigurationList section */
		6428A5641AAFC68700634F5D /* Build configuration list for PBXProject "Serpent" */ = {
			isa = XCConfigurationList;
			buildConfigurations = (
				6428A56B1AAFC68700634F5D /* Debug */,
				6428A56C1AAFC68700634F5D /* Release */,
			);
			defaultConfigurationIsVisible = 0;
			defaultConfigurationName = Release;
		};
		6428A56D1AAFC68700634F5D /* Build configuration list for PBXNativeTarget "Serpent (dynamic)" */ = {
			isa = XCConfigurationList;
			buildConfigurations = (
				6428A56E1AAFC68700634F5D /* Debug */,
				6428A56F1AAFC68700634F5D /* Release */,
			);
			defaultConfigurationIsVisible = 0;
			defaultConfigurationName = Release;
		};
		6428A57D1AAFEDED00634F5D /* Build configuration list for PBXNativeTarget "Serpent (static)" */ = {
			isa = XCConfigurationList;
			buildConfigurations = (
				6428A57E1AAFEDED00634F5D /* Debug */,
				6428A57F1AAFEDED00634F5D /* Release */,
			);
			defaultConfigurationIsVisible = 0;
			defaultConfigurationName = Release;
		};
		64A706DE1CD291C4002E9B99 /* Build configuration list for PBXNativeTarget "Serpent (dynamic module)" */ = {
			isa = XCConfigurationList;
			buildConfigurations = (
				64A706DF1CD291C4002E9B99 /* Debug */,
				64A706E01CD291C4002E9B99 /* Release */,
			);
			defaultConfigurationIsVisible = 0;
			defaultConfigurationName = Release;
		};
		64A706E71CD29201002E9B99 /* Build configuration list for PBXNativeTarget "Serpent (static module)" */ = {
			isa = XCConfigurationList;
			buildConfigurations = (
				64A706E81CD29201002E9B99 /* Debug */,
				64A706E91CD29201002E9B99 /* Release */,
			);
			defaultConfigurationIsVisible = 0;
			defaultConfigurationName = Release;
		};
/* End XCConfigurationList section */
	};
	rootObject = 6428A5611AAFC68700634F5D /* Project object */;
}
